
Microsoft Visual Studio Solution File, Format Version 12.00
# Visual Studio Version 17
VisualStudioVersion = 17.2.32505.173
MinimumVisualStudioVersion = 10.0.40219.1
Project("{9A19103F-16F7-4668-BE54-9A1E7A4F7556}") = "AccessFunctions", "src\AccessFunctions\AccessFunctions.csproj", "{08710607-6470-4BC7-9165-44AE7F9B76DF}"
EndProject
Project("{9A19103F-16F7-4668-BE54-9A1E7A4F7556}") = "AccessFunctionsTests", "tests\AccessFunctionsTests\AccessFunctionsTests.csproj", "{F42928EC-E784-49F3-8212-A885AD93FD86}"
EndProject
Project("{2150E333-8FDC-42A3-9474-1A3956D46DE8}") = "src", "src", "{ADD5BFDB-EC17-4D83-8227-B95D1FD77030}"
EndProject
Project("{2150E333-8FDC-42A3-9474-1A3956D46DE8}") = "tests", "tests", "{4D616465-F444-46B8-A347-9D5AB8E288E0}"
EndProject
Project("{2150E333-8FDC-42A3-9474-1A3956D46DE8}") = "Solution Items", "Solution Items", "{7DF077DA-C445-4375-B919-34FEF3D775EC}"
	ProjectSection(SolutionItems) = preProject
		azure-pipelines.yml = azure-pipelines.yml
	EndProjectSection
EndProject
Global
	GlobalSection(SolutionConfigurationPlatforms) = preSolution
		Debug|Any CPU = Debug|Any CPU
		Release|Any CPU = Release|Any CPU
	EndGlobalSection
	GlobalSection(ProjectConfigurationPlatforms) = postSolution
		{08710607-6470-4BC7-9165-44AE7F9B76DF}.Debug|Any CPU.ActiveCfg = Debug|Any CPU
		{08710607-6470-4BC7-9165-44AE7F9B76DF}.Debug|Any CPU.Build.0 = Debug|Any CPU
		{08710607-6470-4BC7-9165-44AE7F9B76DF}.Release|Any CPU.ActiveCfg = Release|Any CPU
		{08710607-6470-4BC7-9165-44AE7F9B76DF}.Release|Any CPU.Build.0 = Release|Any CPU
		{F42928EC-E784-49F3-8212-A885AD93FD86}.Debug|Any CPU.ActiveCfg = Debug|Any CPU
		{F42928EC-E784-49F3-8212-A885AD93FD86}.Debug|Any CPU.Build.0 = Debug|Any CPU
		{F42928EC-E784-49F3-8212-A885AD93FD86}.Release|Any CPU.ActiveCfg = Release|Any CPU
		{F42928EC-E784-49F3-8212-A885AD93FD86}.Release|Any CPU.Build.0 = Release|Any CPU
	EndGlobalSection
	GlobalSection(SolutionProperties) = preSolution
		HideSolutionNode = FALSE
	EndGlobalSection
	GlobalSection(NestedProjects) = preSolution
		{08710607-6470-4BC7-9165-44AE7F9B76DF} = {ADD5BFDB-EC17-4D83-8227-B95D1FD77030}
		{F42928EC-E784-49F3-8212-A885AD93FD86} = {4D616465-F444-46B8-A347-9D5AB8E288E0}
	EndGlobalSection
	GlobalSection(ExtensibilityGlobals) = postSolution
		SolutionGuid = {C8F26999-1883-447D-B1EB-81BC396F690A}
	EndGlobalSection
EndGlobal
